
Microsoft Visual Studio Solution File, Format Version 12.00
# Visual Studio 15
VisualStudioVersion = 15.0.27703.2000
MinimumVisualStudioVersion = 10.0.40219.1
Project("{FAE04EC0-301F-11D3-BF4B-00C04F79EFBC}") = "WindowsService1", "WindowsService1\WindowsService1.csproj", "{27D61A19-77DD-4B00-971B-D54967AFCB14}"
EndProject
Global
	GlobalSection(SolutionConfigurationPlatforms) = preSolution
		Debug|Any CPU = Debug|Any CPU
		Release|Any CPU = Release|Any CPU
	EndGlobalSection
	GlobalSection(ProjectConfigurationPlatforms) = postSolution
		{27D61A19-77DD-4B00-971B-D54967AFCB14}.Debug|Any CPU.ActiveCfg = Debug|Any CPU
		{27D61A19-77DD-4B00-971B-D54967AFCB14}.Debug|Any CPU.Build.0 = Debug|Any CPU
		{27D61A19-77DD-4B00-971B-D54967AFCB14}.Release|Any CPU.ActiveCfg = Release|Any CPU
		{27D61A19-77DD-4B00-971B-D54967AFCB14}.Release|Any CPU.Build.0 = Release|Any CPU
	EndGlobalSection
	GlobalSection(SolutionProperties) = preSolution
		HideSolutionNode = FALSE
	EndGlobalSection
	GlobalSection(ExtensibilityGlobals) = postSolution
		SolutionGuid = {AB086399-88A2-4D00-B4A5-75BBEB4B667F}
	EndGlobalSection
EndGlobal
